// !$*UTF8*$!
{
	archiveVersion = 1;
	classes = {
	};
	objectVersion = 56;
	objects = {

/* Begin PBXBuildFile section */
		0A5BF8252B330FB800206621 /* AppDelegate.swift in Sources */ = {isa = PBXBuildFile; fileRef = 0A5BF8242B330FB800206621 /* AppDelegate.swift */; };
		0A5BF8272B330FB800206621 /* SceneDelegate.swift in Sources */ = {isa = PBXBuildFile; fileRef = 0A5BF8262B330FB800206621 /* SceneDelegate.swift */; };
		0A5BF82E2B330FB900206621 /* Assets.xcassets in Resources */ = {isa = PBXBuildFile; fileRef = 0A5BF82D2B330FB900206621 /* Assets.xcassets */; };
		0AA56DF22B331543008BF50B /* HotelViewController.swift in Sources */ = {isa = PBXBuildFile; fileRef = 0AA56DF12B331543008BF50B /* HotelViewController.swift */; };
		0AA56DF42B33156B008BF50B /* HotelView.swift in Sources */ = {isa = PBXBuildFile; fileRef = 0AA56DF32B33156B008BF50B /* HotelView.swift */; };
		0AA56DF62B33157B008BF50B /* HotelModel.swift in Sources */ = {isa = PBXBuildFile; fileRef = 0AA56DF52B33157B008BF50B /* HotelModel.swift */; };
		0AA56E0C2B3315EC008BF50B /* BookingViewController.swift in Sources */ = {isa = PBXBuildFile; fileRef = 0AA56DF92B3315EC008BF50B /* BookingViewController.swift */; };
		0AA56E0D2B3315EC008BF50B /* BookingModel.swift in Sources */ = {isa = PBXBuildFile; fileRef = 0AA56DFB2B3315EC008BF50B /* BookingModel.swift */; };
		0AA56E0E2B3315EC008BF50B /* BookingView.swift in Sources */ = {isa = PBXBuildFile; fileRef = 0AA56DFD2B3315EC008BF50B /* BookingView.swift */; };
		0AA56E0F2B3315EC008BF50B /* OrderViewController.swift in Sources */ = {isa = PBXBuildFile; fileRef = 0AA56E002B3315EC008BF50B /* OrderViewController.swift */; };
		0AA56E102B3315EC008BF50B /* OrderModel.swift in Sources */ = {isa = PBXBuildFile; fileRef = 0AA56E022B3315EC008BF50B /* OrderModel.swift */; };
		0AA56E112B3315EC008BF50B /* OrderView.swift in Sources */ = {isa = PBXBuildFile; fileRef = 0AA56E042B3315EC008BF50B /* OrderView.swift */; };
		0AA56E122B3315EC008BF50B /* NumberViewController.swift in Sources */ = {isa = PBXBuildFile; fileRef = 0AA56E072B3315EC008BF50B /* NumberViewController.swift */; };
		0AA56E132B3315EC008BF50B /* NumberModel.swift in Sources */ = {isa = PBXBuildFile; fileRef = 0AA56E092B3315EC008BF50B /* NumberModel.swift */; };
		0AA56E142B3315EC008BF50B /* NumberView.swift in Sources */ = {isa = PBXBuildFile; fileRef = 0AA56E0B2B3315EC008BF50B /* NumberView.swift */; };
		0AA56E162B3320FE008BF50B /* HotelParsingModel.swift in Sources */ = {isa = PBXBuildFile; fileRef = 0AA56E152B3320FE008BF50B /* HotelParsingModel.swift */; };
		0AA56E1A2B332A26008BF50B /* SnapKit in Frameworks */ = {isa = PBXBuildFile; productRef = 0AA56E192B332A26008BF50B /* SnapKit */; };
/* End PBXBuildFile section */

/* Begin PBXFileReference section */
		0A5BF8212B330FB800206621 /* HotelApp.app */ = {isa = PBXFileReference; explicitFileType = wrapper.application; includeInIndex = 0; path = HotelApp.app; sourceTree = BUILT_PRODUCTS_DIR; };
		0A5BF8242B330FB800206621 /* AppDelegate.swift */ = {isa = PBXFileReference; lastKnownFileType = sourcecode.swift; path = AppDelegate.swift; sourceTree = "<group>"; };
		0A5BF8262B330FB800206621 /* SceneDelegate.swift */ = {isa = PBXFileReference; lastKnownFileType = sourcecode.swift; path = SceneDelegate.swift; sourceTree = "<group>"; };
		0A5BF82D2B330FB900206621 /* Assets.xcassets */ = {isa = PBXFileReference; lastKnownFileType = folder.assetcatalog; path = Assets.xcassets; sourceTree = "<group>"; };
		0A5BF8322B330FB900206621 /* Info.plist */ = {isa = PBXFileReference; lastKnownFileType = text.plist.xml; path = Info.plist; sourceTree = "<group>"; };
		0AA56DF12B331543008BF50B /* HotelViewController.swift */ = {isa = PBXFileReference; lastKnownFileType = sourcecode.swift; path = HotelViewController.swift; sourceTree = "<group>"; };
		0AA56DF32B33156B008BF50B /* HotelView.swift */ = {isa = PBXFileReference; lastKnownFileType = sourcecode.swift; path = HotelView.swift; sourceTree = "<group>"; };
		0AA56DF52B33157B008BF50B /* HotelModel.swift */ = {isa = PBXFileReference; lastKnownFileType = sourcecode.swift; path = HotelModel.swift; sourceTree = "<group>"; };
		0AA56DF92B3315EC008BF50B /* BookingViewController.swift */ = {isa = PBXFileReference; fileEncoding = 4; lastKnownFileType = sourcecode.swift; path = BookingViewController.swift; sourceTree = "<group>"; };
		0AA56DFB2B3315EC008BF50B /* BookingModel.swift */ = {isa = PBXFileReference; fileEncoding = 4; lastKnownFileType = sourcecode.swift; path = BookingModel.swift; sourceTree = "<group>"; };
		0AA56DFD2B3315EC008BF50B /* BookingView.swift */ = {isa = PBXFileReference; fileEncoding = 4; lastKnownFileType = sourcecode.swift; path = BookingView.swift; sourceTree = "<group>"; };
		0AA56E002B3315EC008BF50B /* OrderViewController.swift */ = {isa = PBXFileReference; fileEncoding = 4; lastKnownFileType = sourcecode.swift; path = OrderViewController.swift; sourceTree = "<group>"; };
		0AA56E022B3315EC008BF50B /* OrderModel.swift */ = {isa = PBXFileReference; fileEncoding = 4; lastKnownFileType = sourcecode.swift; path = OrderModel.swift; sourceTree = "<group>"; };
		0AA56E042B3315EC008BF50B /* OrderView.swift */ = {isa = PBXFileReference; fileEncoding = 4; lastKnownFileType = sourcecode.swift; path = OrderView.swift; sourceTree = "<group>"; };
		0AA56E072B3315EC008BF50B /* NumberViewController.swift */ = {isa = PBXFileReference; fileEncoding = 4; lastKnownFileType = sourcecode.swift; path = NumberViewController.swift; sourceTree = "<group>"; };
		0AA56E092B3315EC008BF50B /* NumberModel.swift */ = {isa = PBXFileReference; fileEncoding = 4; lastKnownFileType = sourcecode.swift; path = NumberModel.swift; sourceTree = "<group>"; };
		0AA56E0B2B3315EC008BF50B /* NumberView.swift */ = {isa = PBXFileReference; fileEncoding = 4; lastKnownFileType = sourcecode.swift; path = NumberView.swift; sourceTree = "<group>"; };
		0AA56E152B3320FE008BF50B /* HotelParsingModel.swift */ = {isa = PBXFileReference; lastKnownFileType = sourcecode.swift; path = HotelParsingModel.swift; sourceTree = "<group>"; };
/* End PBXFileReference section */

/* Begin PBXFrameworksBuildPhase section */
		0A5BF81E2B330FB800206621 /* Frameworks */ = {
			isa = PBXFrameworksBuildPhase;
			buildActionMask = 2147483647;
			files = (
				0AA56E1A2B332A26008BF50B /* SnapKit in Frameworks */,
			);
			runOnlyForDeploymentPostprocessing = 0;
		};
/* End PBXFrameworksBuildPhase section */

/* Begin PBXGroup section */
		0A5BF8182B330FB800206621 = {
			isa = PBXGroup;
			children = (
				0A5BF8232B330FB800206621 /* HotelApp */,
				0A5BF8222B330FB800206621 /* Products */,
			);
			sourceTree = "<group>";
		};
		0A5BF8222B330FB800206621 /* Products */ = {
			isa = PBXGroup;
			children = (
				0A5BF8212B330FB800206621 /* HotelApp.app */,
			);
			name = Products;
			sourceTree = "<group>";
		};
		0A5BF8232B330FB800206621 /* HotelApp */ = {
			isa = PBXGroup;
			children = (
				0A5BF8382B33120200206621 /* App */,
				0AA56DEC2B3314D0008BF50B /* Modules */,
				0A5BF8392B33120F00206621 /* SupportingFiles */,
			);
			path = HotelApp;
			sourceTree = "<group>";
		};
		0A5BF8382B33120200206621 /* App */ = {
			isa = PBXGroup;
			children = (
				0A5BF8242B330FB800206621 /* AppDelegate.swift */,
				0A5BF8262B330FB800206621 /* SceneDelegate.swift */,
			);
			path = App;
			sourceTree = "<group>";
		};
		0A5BF8392B33120F00206621 /* SupportingFiles */ = {
			isa = PBXGroup;
			children = (
				0A5BF82D2B330FB900206621 /* Assets.xcassets */,
				0A5BF8322B330FB900206621 /* Info.plist */,
			);
			path = SupportingFiles;
			sourceTree = "<group>";
		};
		0AA56DEC2B3314D0008BF50B /* Modules */ = {
			isa = PBXGroup;
			children = (
				0AA56DED2B3314DF008BF50B /* HotelModule */,
				0AA56E052B3315EC008BF50B /* NumberModule */,
				0AA56DF72B3315EC008BF50B /* BookingModule */,
				0AA56DFE2B3315EC008BF50B /* OrderModule */,
			);
			path = Modules;
			sourceTree = "<group>";
		};
		0AA56DED2B3314DF008BF50B /* HotelModule */ = {
			isa = PBXGroup;
			children = (
				0AA56DEE2B3314FD008BF50B /* Model */,
				0AA56DEF2B33150E008BF50B /* View */,
				0AA56DF02B331516008BF50B /* Controller */,
			);
			path = HotelModule;
			sourceTree = "<group>";
		};
		0AA56DEE2B3314FD008BF50B /* Model */ = {
			isa = PBXGroup;
			children = (
				0AA56DF52B33157B008BF50B /* HotelModel.swift */,
				0AA56E152B3320FE008BF50B /* HotelParsingModel.swift */,
			);
			path = Model;
			sourceTree = "<group>";
		};
		0AA56DEF2B33150E008BF50B /* View */ = {
			isa = PBXGroup;
			children = (
				0AA56DF32B33156B008BF50B /* HotelView.swift */,
			);
			path = View;
			sourceTree = "<group>";
		};
		0AA56DF02B331516008BF50B /* Controller */ = {
			isa = PBXGroup;
			children = (
				0AA56DF12B331543008BF50B /* HotelViewController.swift */,
			);
			path = Controller;
			sourceTree = "<group>";
		};
		0AA56DF72B3315EC008BF50B /* BookingModule */ = {
			isa = PBXGroup;
			children = (
				0AA56DF82B3315EC008BF50B /* Controller */,
				0AA56DFA2B3315EC008BF50B /* Model */,
				0AA56DFC2B3315EC008BF50B /* View */,
			);
			path = BookingModule;
			sourceTree = "<group>";
		};
		0AA56DF82B3315EC008BF50B /* Controller */ = {
			isa = PBXGroup;
			children = (
				0AA56DF92B3315EC008BF50B /* BookingViewController.swift */,
			);
			path = Controller;
			sourceTree = "<group>";
		};
		0AA56DFA2B3315EC008BF50B /* Model */ = {
			isa = PBXGroup;
			children = (
				0AA56DFB2B3315EC008BF50B /* BookingModel.swift */,
			);
			path = Model;
			sourceTree = "<group>";
		};
		0AA56DFC2B3315EC008BF50B /* View */ = {
			isa = PBXGroup;
			children = (
				0AA56DFD2B3315EC008BF50B /* BookingView.swift */,
			);
			path = View;
			sourceTree = "<group>";
		};
		0AA56DFE2B3315EC008BF50B /* OrderModule */ = {
			isa = PBXGroup;
			children = (
				0AA56DFF2B3315EC008BF50B /* Controller */,
				0AA56E012B3315EC008BF50B /* Model */,
				0AA56E032B3315EC008BF50B /* View */,
			);
			path = OrderModule;
			sourceTree = "<group>";
		};
		0AA56DFF2B3315EC008BF50B /* Controller */ = {
			isa = PBXGroup;
			children = (
				0AA56E002B3315EC008BF50B /* OrderViewController.swift */,
			);
			path = Controller;
			sourceTree = "<group>";
		};
		0AA56E012B3315EC008BF50B /* Model */ = {
			isa = PBXGroup;
			children = (
				0AA56E022B3315EC008BF50B /* OrderModel.swift */,
			);
			path = Model;
			sourceTree = "<group>";
		};
		0AA56E032B3315EC008BF50B /* View */ = {
			isa = PBXGroup;
			children = (
				0AA56E042B3315EC008BF50B /* OrderView.swift */,
			);
			path = View;
			sourceTree = "<group>";
		};
		0AA56E052B3315EC008BF50B /* NumberModule */ = {
			isa = PBXGroup;
			children = (
				0AA56E062B3315EC008BF50B /* Controller */,
				0AA56E082B3315EC008BF50B /* Model */,
				0AA56E0A2B3315EC008BF50B /* View */,
			);
			path = NumberModule;
			sourceTree = "<group>";
		};
		0AA56E062B3315EC008BF50B /* Controller */ = {
			isa = PBXGroup;
			children = (
				0AA56E072B3315EC008BF50B /* NumberViewController.swift */,
			);
			path = Controller;
			sourceTree = "<group>";
		};
		0AA56E082B3315EC008BF50B /* Model */ = {
			isa = PBXGroup;
			children = (
				0AA56E092B3315EC008BF50B /* NumberModel.swift */,
			);
			path = Model;
			sourceTree = "<group>";
		};
		0AA56E0A2B3315EC008BF50B /* View */ = {
			isa = PBXGroup;
			children = (
				0AA56E0B2B3315EC008BF50B /* NumberView.swift */,
			);
			path = View;
			sourceTree = "<group>";
		};
/* End PBXGroup section */

/* Begin PBXNativeTarget section */
		0A5BF8202B330FB800206621 /* HotelApp */ = {
			isa = PBXNativeTarget;
			buildConfigurationList = 0A5BF8352B330FB900206621 /* Build configuration list for PBXNativeTarget "HotelApp" */;
			buildPhases = (
				0A5BF81D2B330FB800206621 /* Sources */,
				0A5BF81E2B330FB800206621 /* Frameworks */,
				0A5BF81F2B330FB800206621 /* Resources */,
			);
			buildRules = (
			);
			dependencies = (
			);
			name = HotelApp;
			packageProductDependencies = (
				0AA56E192B332A26008BF50B /* SnapKit */,
			);
			productName = HotelApp;
			productReference = 0A5BF8212B330FB800206621 /* HotelApp.app */;
			productType = "com.apple.product-type.application";
		};
/* End PBXNativeTarget section */

/* Begin PBXProject section */
		0A5BF8192B330FB800206621 /* Project object */ = {
			isa = PBXProject;
			attributes = {
				BuildIndependentTargetsInParallel = 1;
				LastSwiftUpdateCheck = 1500;
				LastUpgradeCheck = 1500;
				TargetAttributes = {
					0A5BF8202B330FB800206621 = {
						CreatedOnToolsVersion = 15.0;
					};
				};
			};
			buildConfigurationList = 0A5BF81C2B330FB800206621 /* Build configuration list for PBXProject "HotelApp" */;
			compatibilityVersion = "Xcode 14.0";
			developmentRegion = en;
			hasScannedForEncodings = 0;
			knownRegions = (
				en,
				Base,
			);
			mainGroup = 0A5BF8182B330FB800206621;
			packageReferences = (
				0AA56E182B332A26008BF50B /* XCRemoteSwiftPackageReference "SnapKit" */,
			);
			productRefGroup = 0A5BF8222B330FB800206621 /* Products */;
			projectDirPath = "";
			projectRoot = "";
			targets = (
				0A5BF8202B330FB800206621 /* HotelApp */,
			);
		};
/* End PBXProject section */

/* Begin PBXResourcesBuildPhase section */
		0A5BF81F2B330FB800206621 /* Resources */ = {
			isa = PBXResourcesBuildPhase;
			buildActionMask = 2147483647;
			files = (
				0A5BF82E2B330FB900206621 /* Assets.xcassets in Resources */,
			);
			runOnlyForDeploymentPostprocessing = 0;
		};
/* End PBXResourcesBuildPhase section */

/* Begin PBXSourcesBuildPhase section */
		0A5BF81D2B330FB800206621 /* Sources */ = {
			isa = PBXSourcesBuildPhase;
			buildActionMask = 2147483647;
			files = (
				0AA56E112B3315EC008BF50B /* OrderView.swift in Sources */,
				0AA56E132B3315EC008BF50B /* NumberModel.swift in Sources */,
				0AA56E102B3315EC008BF50B /* OrderModel.swift in Sources */,
				0AA56DF62B33157B008BF50B /* HotelModel.swift in Sources */,
				0AA56E0F2B3315EC008BF50B /* OrderViewController.swift in Sources */,
				0AA56E0E2B3315EC008BF50B /* BookingView.swift in Sources */,
				0AA56E0C2B3315EC008BF50B /* BookingViewController.swift in Sources */,
				0A5BF8252B330FB800206621 /* AppDelegate.swift in Sources */,
				0AA56E122B3315EC008BF50B /* NumberViewController.swift in Sources */,
				0AA56DF42B33156B008BF50B /* HotelView.swift in Sources */,
				0AA56DF22B331543008BF50B /* HotelViewController.swift in Sources */,
				0AA56E142B3315EC008BF50B /* NumberView.swift in Sources */,
				0A5BF8272B330FB800206621 /* SceneDelegate.swift in Sources */,
				0AA56E162B3320FE008BF50B /* HotelParsingModel.swift in Sources */,
				0AA56E0D2B3315EC008BF50B /* BookingModel.swift in Sources */,
			);
			runOnlyForDeploymentPostprocessing = 0;
		};
/* End PBXSourcesBuildPhase section */

/* Begin XCBuildConfiguration section */
		0A5BF8332B330FB900206621 /* Debug */ = {
			isa = XCBuildConfiguration;
			buildSettings = {
				ALWAYS_SEARCH_USER_PATHS = NO;
				ASSETCATALOG_COMPILER_GENERATE_SWIFT_ASSET_SYMBOL_EXTENSIONS = YES;
				CLANG_ANALYZER_NONNULL = YES;
				CLANG_ANALYZER_NUMBER_OBJECT_CONVERSION = YES_AGGRESSIVE;
				CLANG_CXX_LANGUAGE_STANDARD = "gnu++20";
				CLANG_ENABLE_MODULES = YES;
				CLANG_ENABLE_OBJC_ARC = YES;
				CLANG_ENABLE_OBJC_WEAK = YES;
				CLANG_WARN_BLOCK_CAPTURE_AUTORELEASING = YES;
				CLANG_WARN_BOOL_CONVERSION = YES;
				CLANG_WARN_COMMA = YES;
				CLANG_WARN_CONSTANT_CONVERSION = YES;
				CLANG_WARN_DEPRECATED_OBJC_IMPLEMENTATIONS = YES;
				CLANG_WARN_DIRECT_OBJC_ISA_USAGE = YES_ERROR;
				CLANG_WARN_DOCUMENTATION_COMMENTS = YES;
				CLANG_WARN_EMPTY_BODY = YES;
				CLANG_WARN_ENUM_CONVERSION = YES;
				CLANG_WARN_INFINITE_RECURSION = YES;
				CLANG_WARN_INT_CONVERSION = YES;
				CLANG_WARN_NON_LITERAL_NULL_CONVERSION = YES;
				CLANG_WARN_OBJC_IMPLICIT_RETAIN_SELF = YES;
				CLANG_WARN_OBJC_LITERAL_CONVERSION = YES;
				CLANG_WARN_OBJC_ROOT_CLASS = YES_ERROR;
				CLANG_WARN_QUOTED_INCLUDE_IN_FRAMEWORK_HEADER = YES;
				CLANG_WARN_RANGE_LOOP_ANALYSIS = YES;
				CLANG_WARN_STRICT_PROTOTYPES = YES;
				CLANG_WARN_SUSPICIOUS_MOVE = YES;
				CLANG_WARN_UNGUARDED_AVAILABILITY = YES_AGGRESSIVE;
				CLANG_WARN_UNREACHABLE_CODE = YES;
				CLANG_WARN__DUPLICATE_METHOD_MATCH = YES;
				COPY_PHASE_STRIP = NO;
				DEBUG_INFORMATION_FORMAT = dwarf;
				ENABLE_STRICT_OBJC_MSGSEND = YES;
				ENABLE_TESTABILITY = YES;
				ENABLE_USER_SCRIPT_SANDBOXING = YES;
				GCC_C_LANGUAGE_STANDARD = gnu17;
				GCC_DYNAMIC_NO_PIC = NO;
				GCC_NO_COMMON_BLOCKS = YES;
				GCC_OPTIMIZATION_LEVEL = 0;
				GCC_PREPROCESSOR_DEFINITIONS = (
					"DEBUG=1",
					"$(inherited)",
				);
				GCC_WARN_64_TO_32_BIT_CONVERSION = YES;
				GCC_WARN_ABOUT_RETURN_TYPE = YES_ERROR;
				GCC_WARN_UNDECLARED_SELECTOR = YES;
				GCC_WARN_UNINITIALIZED_AUTOS = YES_AGGRESSIVE;
				GCC_WARN_UNUSED_FUNCTION = YES;
				GCC_WARN_UNUSED_VARIABLE = YES;
				IPHONEOS_DEPLOYMENT_TARGET = 15.0;
				LOCALIZATION_PREFERS_STRING_CATALOGS = YES;
				MTL_ENABLE_DEBUG_INFO = INCLUDE_SOURCE;
				MTL_FAST_MATH = YES;
				ONLY_ACTIVE_ARCH = YES;
				SDKROOT = iphoneos;
				SWIFT_ACTIVE_COMPILATION_CONDITIONS = "DEBUG $(inherited)";
				SWIFT_OPTIMIZATION_LEVEL = "-Onone";
			};
			name = Debug;
		};
		0A5BF8342B330FB900206621 /* Release */ = {
			isa = XCBuildConfiguration;
			buildSettings = {
				ALWAYS_SEARCH_USER_PATHS = NO;
				ASSETCATALOG_COMPILER_GENERATE_SWIFT_ASSET_SYMBOL_EXTENSIONS = YES;
				CLANG_ANALYZER_NONNULL = YES;
				CLANG_ANALYZER_NUMBER_OBJECT_CONVERSION = YES_AGGRESSIVE;
				CLANG_CXX_LANGUAGE_STANDARD = "gnu++20";
				CLANG_ENABLE_MODULES = YES;
				CLANG_ENABLE_OBJC_ARC = YES;
				CLANG_ENABLE_OBJC_WEAK = YES;
				CLANG_WARN_BLOCK_CAPTURE_AUTORELEASING = YES;
				CLANG_WARN_BOOL_CONVERSION = YES;
				CLANG_WARN_COMMA = YES;
				CLANG_WARN_CONSTANT_CONVERSION = YES;
				CLANG_WARN_DEPRECATED_OBJC_IMPLEMENTATIONS = YES;
				CLANG_WARN_DIRECT_OBJC_ISA_USAGE = YES_ERROR;
				CLANG_WARN_DOCUMENTATION_COMMENTS = YES;
				CLANG_WARN_EMPTY_BODY = YES;
				CLANG_WARN_ENUM_CONVERSION = YES;
				CLANG_WARN_INFINITE_RECURSION = YES;
				CLANG_WARN_INT_CONVERSION = YES;
				CLANG_WARN_NON_LITERAL_NULL_CONVERSION = YES;
				CLANG_WARN_OBJC_IMPLICIT_RETAIN_SELF = YES;
				CLANG_WARN_OBJC_LITERAL_CONVERSION = YES;
				CLANG_WARN_OBJC_ROOT_CLASS = YES_ERROR;
				CLANG_WARN_QUOTED_INCLUDE_IN_FRAMEWORK_HEADER = YES;
				CLANG_WARN_RANGE_LOOP_ANALYSIS = YES;
				CLANG_WARN_STRICT_PROTOTYPES = YES;
				CLANG_WARN_SUSPICIOUS_MOVE = YES;
				CLANG_WARN_UNGUARDED_AVAILABILITY = YES_AGGRESSIVE;
				CLANG_WARN_UNREACHABLE_CODE = YES;
				CLANG_WARN__DUPLICATE_METHOD_MATCH = YES;
				COPY_PHASE_STRIP = NO;
				DEBUG_INFORMATION_FORMAT = "dwarf-with-dsym";
				ENABLE_NS_ASSERTIONS = NO;
				ENABLE_STRICT_OBJC_MSGSEND = YES;
				ENABLE_USER_SCRIPT_SANDBOXING = YES;
				GCC_C_LANGUAGE_STANDARD = gnu17;
				GCC_NO_COMMON_BLOCKS = YES;
				GCC_WARN_64_TO_32_BIT_CONVERSION = YES;
				GCC_WARN_ABOUT_RETURN_TYPE = YES_ERROR;
				GCC_WARN_UNDECLARED_SELECTOR = YES;
				GCC_WARN_UNINITIALIZED_AUTOS = YES_AGGRESSIVE;
				GCC_WARN_UNUSED_FUNCTION = YES;
				GCC_WARN_UNUSED_VARIABLE = YES;
				IPHONEOS_DEPLOYMENT_TARGET = 15.0;
				LOCALIZATION_PREFERS_STRING_CATALOGS = YES;
				MTL_ENABLE_DEBUG_INFO = NO;
				MTL_FAST_MATH = YES;
				SDKROOT = iphoneos;
				SWIFT_COMPILATION_MODE = wholemodule;
				VALIDATE_PRODUCT = YES;
			};
			name = Release;
		};
		0A5BF8362B330FB900206621 /* Debug */ = {
			isa = XCBuildConfiguration;
			buildSettings = {
				ASSETCATALOG_COMPILER_APPICON_NAME = AppIcon;
				ASSETCATALOG_COMPILER_GLOBAL_ACCENT_COLOR_NAME = AccentColor;
				CODE_SIGN_STYLE = Automatic;
				CURRENT_PROJECT_VERSION = 1;
				DEVELOPMENT_TEAM = 7WN4BA2YG3;
				GENERATE_INFOPLIST_FILE = YES;
				INFOPLIST_FILE = HotelApp/SupportingFiles/Info.plist;
				INFOPLIST_KEY_UIApplicationSupportsIndirectInputEvents = YES;
				INFOPLIST_KEY_UILaunchStoryboardName = LaunchScreen;
				INFOPLIST_KEY_UISupportedInterfaceOrientations = UIInterfaceOrientationPortrait;
				INFOPLIST_KEY_UISupportedInterfaceOrientations_iPad = "UIInterfaceOrientationLandscapeLeft UIInterfaceOrientationLandscapeRight UIInterfaceOrientationPortrait UIInterfaceOrientationPortraitUpsideDown";
				LD_RUNPATH_SEARCH_PATHS = (
					"$(inherited)",
					"@executable_path/Frameworks",
				);
				MARKETING_VERSION = 1.0;
				PRODUCT_BUNDLE_IDENTIFIER = com.zmey666.HotelApp;
				PRODUCT_NAME = "$(TARGET_NAME)";
				SUPPORTED_PLATFORMS = "iphoneos iphonesimulator";
				SUPPORTS_MACCATALYST = NO;
				SUPPORTS_MAC_DESIGNED_FOR_IPHONE_IPAD = NO;
				SWIFT_EMIT_LOC_STRINGS = YES;
				SWIFT_VERSION = 5.0;
				TARGETED_DEVICE_FAMILY = 1;
			};
			name = Debug;
		};
		0A5BF8372B330FB900206621 /* Release */ = {
			isa = XCBuildConfiguration;
			buildSettings = {
				ASSETCATALOG_COMPILER_APPICON_NAME = AppIcon;
				ASSETCATALOG_COMPILER_GLOBAL_ACCENT_COLOR_NAME = AccentColor;
				CODE_SIGN_STYLE = Automatic;
				CURRENT_PROJECT_VERSION = 1;
				DEVELOPMENT_TEAM = 7WN4BA2YG3;
				GENERATE_INFOPLIST_FILE = YES;
				INFOPLIST_FILE = HotelApp/SupportingFiles/Info.plist;
				INFOPLIST_KEY_UIApplicationSupportsIndirectInputEvents = YES;
				INFOPLIST_KEY_UILaunchStoryboardName = LaunchScreen;
				INFOPLIST_KEY_UISupportedInterfaceOrientations = UIInterfaceOrientationPortrait;
				INFOPLIST_KEY_UISupportedInterfaceOrientations_iPad = "UIInterfaceOrientationLandscapeLeft UIInterfaceOrientationLandscapeRight UIInterfaceOrientationPortrait UIInterfaceOrientationPortraitUpsideDown";
				LD_RUNPATH_SEARCH_PATHS = (
					"$(inherited)",
					"@executable_path/Frameworks",
				);
				MARKETING_VERSION = 1.0;
				PRODUCT_BUNDLE_IDENTIFIER = com.zmey666.HotelApp;
				PRODUCT_NAME = "$(TARGET_NAME)";
				SUPPORTED_PLATFORMS = "iphoneos iphonesimulator";
				SUPPORTS_MACCATALYST = NO;
				SUPPORTS_MAC_DESIGNED_FOR_IPHONE_IPAD = NO;
				SWIFT_EMIT_LOC_STRINGS = YES;
				SWIFT_VERSION = 5.0;
				TARGETED_DEVICE_FAMILY = 1;
			};
			name = Release;
		};
/* End XCBuildConfiguration section */

/* Begin XCConfigurationList section */
		0A5BF81C2B330FB800206621 /* Build configuration list for PBXProject "HotelApp" */ = {
			isa = XCConfigurationList;
			buildConfigurations = (
				0A5BF8332B330FB900206621 /* Debug */,
				0A5BF8342B330FB900206621 /* Release */,
			);
			defaultConfigurationIsVisible = 0;
			defaultConfigurationName = Release;
		};
		0A5BF8352B330FB900206621 /* Build configuration list for PBXNativeTarget "HotelApp" */ = {
			isa = XCConfigurationList;
			buildConfigurations = (
				0A5BF8362B330FB900206621 /* Debug */,
				0A5BF8372B330FB900206621 /* Release */,
			);
			defaultConfigurationIsVisible = 0;
			defaultConfigurationName = Release;
		};
/* End XCConfigurationList section */

/* Begin XCRemoteSwiftPackageReference section */
		0AA56E182B332A26008BF50B /* XCRemoteSwiftPackageReference "SnapKit" */ = {
			isa = XCRemoteSwiftPackageReference;
			repositoryURL = "https://github.com/SnapKit/SnapKit";
			requirement = {
				kind = upToNextMajorVersion;
				minimumVersion = 5.6.0;
			};
		};
/* End XCRemoteSwiftPackageReference section */

/* Begin XCSwiftPackageProductDependency section */
		0AA56E192B332A26008BF50B /* SnapKit */ = {
			isa = XCSwiftPackageProductDependency;
			package = 0AA56E182B332A26008BF50B /* XCRemoteSwiftPackageReference "SnapKit" */;
			productName = SnapKit;
		};
/* End XCSwiftPackageProductDependency section */
	};
	rootObject = 0A5BF8192B330FB800206621 /* Project object */;
}
